
Microsoft Visual Studio Solution File, Format Version 12.00
# Visual Studio Version 16
VisualStudioVersion = 16.0.32126.315
MinimumVisualStudioVersion = 10.0.40219.1
Project("{9A19103F-16F7-4668-BE54-9A1E7A4F7556}") = "RedRock.Calendar.Host", "RedRock.Calendar\RedRock.Calendar.Host.csproj", "{862D1259-4190-47EC-BC9C-307E1E51725E}"
	ProjectSection(ProjectDependencies) = postProject
		{0E2E24B2-6E59-4704-93A2-C7C0B15B5404} = {0E2E24B2-6E59-4704-93A2-C7C0B15B5404}
		{24B2FCC7-32B5-40F6-B7D1-0B1A58723C11} = {24B2FCC7-32B5-40F6-B7D1-0B1A58723C11}
		{06451FD1-06AC-4FAD-BA5E-993A9C6E7499} = {06451FD1-06AC-4FAD-BA5E-993A9C6E7499}
	EndProjectSection
EndProject
Project("{9A19103F-16F7-4668-BE54-9A1E7A4F7556}") = "RedRock.Calendar.Modules.Users.Api", "RedRock.Calendar.Modules.Users.Api\RedRock.Calendar.Modules.Users.Api.csproj", "{21578A23-7128-440F-A59C-112BDE1C72EE}"
EndProject
Project("{9A19103F-16F7-4668-BE54-9A1E7A4F7556}") = "RedRock.Calendar.Modules.Users.Buseness", "RedRock.Calendar.Modules.Users.Buseness\RedRock.Calendar.Modules.Users.Buseness.csproj", "{24B2FCC7-32B5-40F6-B7D1-0B1A58723C11}"
	ProjectSection(ProjectDependencies) = postProject
		{06451FD1-06AC-4FAD-BA5E-993A9C6E7499} = {06451FD1-06AC-4FAD-BA5E-993A9C6E7499}
	EndProjectSection
EndProject
Project("{9A19103F-16F7-4668-BE54-9A1E7A4F7556}") = "RedRock.Calendar.Modules.Users.Contract", "RedRock.Calendar.Modules.Users.Contract\RedRock.Calendar.Modules.Users.Contract.csproj", "{06451FD1-06AC-4FAD-BA5E-993A9C6E7499}"
EndProject
Project("{9A19103F-16F7-4668-BE54-9A1E7A4F7556}") = "RedRock.Calendar.Modules.Users.Service", "RedRock.Calendar.Modules.Users.Service\RedRock.Calendar.Modules.Users.Service.csproj", "{0E2E24B2-6E59-4704-93A2-C7C0B15B5404}"
	ProjectSection(ProjectDependencies) = postProject
		{06451FD1-06AC-4FAD-BA5E-993A9C6E7499} = {06451FD1-06AC-4FAD-BA5E-993A9C6E7499}
	EndProjectSection
EndProject
Project("{2150E333-8FDC-42A3-9474-1A3956D46DE8}") = "User", "User", "{F197C329-46CC-4055-8C38-6C9163D56E2D}"
EndProject
Project("{2150E333-8FDC-42A3-9474-1A3956D46DE8}") = "Tools", "Tools", "{5E6A1C6C-F5B6-45B2-AD50-8073F2267D1C}"
EndProject
Project("{2150E333-8FDC-42A3-9474-1A3956D46DE8}") = "Solution Items", "Solution Items", "{D579B606-0514-4677-AF6C-A39D59377AE5}"
	ProjectSection(SolutionItems) = preProject
		package-lock.json = package-lock.json
		package.json = package.json
	EndProjectSection
EndProject
Project("{2150E333-8FDC-42A3-9474-1A3956D46DE8}") = "GeneratedClients", "GeneratedClients", "{E2074DD4-5C6F-4D60-92A9-8E47F1EC0164}"
	ProjectSection(SolutionItems) = preProject
		Tools\APIClientGenerator\GeneratedClients\clients.ts = Tools\APIClientGenerator\GeneratedClients\clients.ts
	EndProjectSection
EndProject
Project("{2150E333-8FDC-42A3-9474-1A3956D46DE8}") = "Scripts", "Scripts", "{7A9033A2-2387-4ECE-B44D-046913834516}"
	ProjectSection(SolutionItems) = preProject
		Ef-scripts.txt = Ef-scripts.txt
	EndProjectSection
EndProject
Project("{2150E333-8FDC-42A3-9474-1A3956D46DE8}") = "Event", "Event", "{4BBC914D-AE76-472C-835E-01EA5A74756F}"
EndProject
Project("{9A19103F-16F7-4668-BE54-9A1E7A4F7556}") = "RedRock.Calendar.Modules.Events.Api", "RedRock.Calendar.Modules.Events.Api\RedRock.Calendar.Modules.Events.Api.csproj", "{86778EC4-C3DF-4975-9845-2AAAC047BF99}"
EndProject
Project("{9A19103F-16F7-4668-BE54-9A1E7A4F7556}") = "RedRock.Calendar.Modules.Events.Business", "RedRock.Calendar.Modules.Events.Business\RedRock.Calendar.Modules.Events.Business.csproj", "{FB6A8525-545B-44BB-B251-7776E39ADB3E}"
EndProject
Project("{9A19103F-16F7-4668-BE54-9A1E7A4F7556}") = "RedRock.Calendar.Modules.Events.Contract", "RedRock.Calendar.Modules.Events.Contract\RedRock.Calendar.Modules.Events.Contract.csproj", "{37A9CD4A-F95E-442D-98E3-43E8CC2A241E}"
EndProject
Project("{9A19103F-16F7-4668-BE54-9A1E7A4F7556}") = "RedRock.Calendar.Modules.Events.Service", "RedRock.Calendar.Modules.Events.Service\RedRock.Calendar.Modules.Events.Service.csproj", "{D93C6567-5C2C-4AA5-A62A-8998D6DCDEC0}"
	ProjectSection(ProjectDependencies) = postProject
		{FB6A8525-545B-44BB-B251-7776E39ADB3E} = {FB6A8525-545B-44BB-B251-7776E39ADB3E}
		{37A9CD4A-F95E-442D-98E3-43E8CC2A241E} = {37A9CD4A-F95E-442D-98E3-43E8CC2A241E}
	EndProjectSection
EndProject
Project("{2150E333-8FDC-42A3-9474-1A3956D46DE8}") = "Common", "Common", "{1628FCAD-5C12-4247-92B4-4864FC6E5F9C}"
EndProject
Project("{9A19103F-16F7-4668-BE54-9A1E7A4F7556}") = "HashingHelpers", "HashingHelpers\HashingHelpers.csproj", "{CD77B4F4-A40A-4BE3-ACEF-969690A0D6A5}"
EndProject
Project("{9A19103F-16F7-4668-BE54-9A1E7A4F7556}") = "SwaggerJSONFileGenerator", "SwaggerJSONFileGenerator\SwaggerJSONFileGenerator.csproj", "{FF86FFE1-430A-4989-83AF-97DD47048A57}"
EndProject
Global
	GlobalSection(SolutionConfigurationPlatforms) = preSolution
		Debug|Any CPU = Debug|Any CPU
		Release|Any CPU = Release|Any CPU
	EndGlobalSection
	GlobalSection(ProjectConfigurationPlatforms) = postSolution
		{862D1259-4190-47EC-BC9C-307E1E51725E}.Debug|Any CPU.ActiveCfg = Debug|Any CPU
		{862D1259-4190-47EC-BC9C-307E1E51725E}.Debug|Any CPU.Build.0 = Debug|Any CPU
		{862D1259-4190-47EC-BC9C-307E1E51725E}.Release|Any CPU.ActiveCfg = Release|Any CPU
		{862D1259-4190-47EC-BC9C-307E1E51725E}.Release|Any CPU.Build.0 = Release|Any CPU
		{21578A23-7128-440F-A59C-112BDE1C72EE}.Debug|Any CPU.ActiveCfg = Debug|Any CPU
		{21578A23-7128-440F-A59C-112BDE1C72EE}.Debug|Any CPU.Build.0 = Debug|Any CPU
		{21578A23-7128-440F-A59C-112BDE1C72EE}.Release|Any CPU.ActiveCfg = Release|Any CPU
		{21578A23-7128-440F-A59C-112BDE1C72EE}.Release|Any CPU.Build.0 = Release|Any CPU
		{24B2FCC7-32B5-40F6-B7D1-0B1A58723C11}.Debug|Any CPU.ActiveCfg = Debug|Any CPU
		{24B2FCC7-32B5-40F6-B7D1-0B1A58723C11}.Debug|Any CPU.Build.0 = Debug|Any CPU
		{24B2FCC7-32B5-40F6-B7D1-0B1A58723C11}.Release|Any CPU.ActiveCfg = Release|Any CPU
		{24B2FCC7-32B5-40F6-B7D1-0B1A58723C11}.Release|Any CPU.Build.0 = Release|Any CPU
		{06451FD1-06AC-4FAD-BA5E-993A9C6E7499}.Debug|Any CPU.ActiveCfg = Debug|Any CPU
		{06451FD1-06AC-4FAD-BA5E-993A9C6E7499}.Debug|Any CPU.Build.0 = Debug|Any CPU
		{06451FD1-06AC-4FAD-BA5E-993A9C6E7499}.Release|Any CPU.ActiveCfg = Release|Any CPU
		{06451FD1-06AC-4FAD-BA5E-993A9C6E7499}.Release|Any CPU.Build.0 = Release|Any CPU
		{0E2E24B2-6E59-4704-93A2-C7C0B15B5404}.Debug|Any CPU.ActiveCfg = Debug|Any CPU
		{0E2E24B2-6E59-4704-93A2-C7C0B15B5404}.Debug|Any CPU.Build.0 = Debug|Any CPU
		{0E2E24B2-6E59-4704-93A2-C7C0B15B5404}.Release|Any CPU.ActiveCfg = Release|Any CPU
		{0E2E24B2-6E59-4704-93A2-C7C0B15B5404}.Release|Any CPU.Build.0 = Release|Any CPU
		{86778EC4-C3DF-4975-9845-2AAAC047BF99}.Debug|Any CPU.ActiveCfg = Debug|Any CPU
		{86778EC4-C3DF-4975-9845-2AAAC047BF99}.Debug|Any CPU.Build.0 = Debug|Any CPU
		{86778EC4-C3DF-4975-9845-2AAAC047BF99}.Release|Any CPU.ActiveCfg = Release|Any CPU
		{86778EC4-C3DF-4975-9845-2AAAC047BF99}.Release|Any CPU.Build.0 = Release|Any CPU
		{FB6A8525-545B-44BB-B251-7776E39ADB3E}.Debug|Any CPU.ActiveCfg = Debug|Any CPU
		{FB6A8525-545B-44BB-B251-7776E39ADB3E}.Debug|Any CPU.Build.0 = Debug|Any CPU
		{FB6A8525-545B-44BB-B251-7776E39ADB3E}.Release|Any CPU.ActiveCfg = Release|Any CPU
		{FB6A8525-545B-44BB-B251-7776E39ADB3E}.Release|Any CPU.Build.0 = Release|Any CPU
		{37A9CD4A-F95E-442D-98E3-43E8CC2A241E}.Debug|Any CPU.ActiveCfg = Debug|Any CPU
		{37A9CD4A-F95E-442D-98E3-43E8CC2A241E}.Debug|Any CPU.Build.0 = Debug|Any CPU
		{37A9CD4A-F95E-442D-98E3-43E8CC2A241E}.Release|Any CPU.ActiveCfg = Release|Any CPU
		{37A9CD4A-F95E-442D-98E3-43E8CC2A241E}.Release|Any CPU.Build.0 = Release|Any CPU
		{D93C6567-5C2C-4AA5-A62A-8998D6DCDEC0}.Debug|Any CPU.ActiveCfg = Debug|Any CPU
		{D93C6567-5C2C-4AA5-A62A-8998D6DCDEC0}.Debug|Any CPU.Build.0 = Debug|Any CPU
		{D93C6567-5C2C-4AA5-A62A-8998D6DCDEC0}.Release|Any CPU.ActiveCfg = Release|Any CPU
		{D93C6567-5C2C-4AA5-A62A-8998D6DCDEC0}.Release|Any CPU.Build.0 = Release|Any CPU
		{CD77B4F4-A40A-4BE3-ACEF-969690A0D6A5}.Debug|Any CPU.ActiveCfg = Debug|Any CPU
		{CD77B4F4-A40A-4BE3-ACEF-969690A0D6A5}.Debug|Any CPU.Build.0 = Debug|Any CPU
		{CD77B4F4-A40A-4BE3-ACEF-969690A0D6A5}.Release|Any CPU.ActiveCfg = Release|Any CPU
		{CD77B4F4-A40A-4BE3-ACEF-969690A0D6A5}.Release|Any CPU.Build.0 = Release|Any CPU
		{FF86FFE1-430A-4989-83AF-97DD47048A57}.Debug|Any CPU.ActiveCfg = Debug|Any CPU
		{FF86FFE1-430A-4989-83AF-97DD47048A57}.Debug|Any CPU.Build.0 = Debug|Any CPU
		{FF86FFE1-430A-4989-83AF-97DD47048A57}.Release|Any CPU.ActiveCfg = Release|Any CPU
		{FF86FFE1-430A-4989-83AF-97DD47048A57}.Release|Any CPU.Build.0 = Release|Any CPU
	EndGlobalSection
	GlobalSection(SolutionProperties) = preSolution
		HideSolutionNode = FALSE
	EndGlobalSection
	GlobalSection(NestedProjects) = preSolution
		{21578A23-7128-440F-A59C-112BDE1C72EE} = {F197C329-46CC-4055-8C38-6C9163D56E2D}
		{24B2FCC7-32B5-40F6-B7D1-0B1A58723C11} = {F197C329-46CC-4055-8C38-6C9163D56E2D}
		{06451FD1-06AC-4FAD-BA5E-993A9C6E7499} = {F197C329-46CC-4055-8C38-6C9163D56E2D}
		{0E2E24B2-6E59-4704-93A2-C7C0B15B5404} = {F197C329-46CC-4055-8C38-6C9163D56E2D}
		{E2074DD4-5C6F-4D60-92A9-8E47F1EC0164} = {5E6A1C6C-F5B6-45B2-AD50-8073F2267D1C}
		{86778EC4-C3DF-4975-9845-2AAAC047BF99} = {4BBC914D-AE76-472C-835E-01EA5A74756F}
		{FB6A8525-545B-44BB-B251-7776E39ADB3E} = {4BBC914D-AE76-472C-835E-01EA5A74756F}
		{37A9CD4A-F95E-442D-98E3-43E8CC2A241E} = {4BBC914D-AE76-472C-835E-01EA5A74756F}
		{D93C6567-5C2C-4AA5-A62A-8998D6DCDEC0} = {4BBC914D-AE76-472C-835E-01EA5A74756F}
		{CD77B4F4-A40A-4BE3-ACEF-969690A0D6A5} = {1628FCAD-5C12-4247-92B4-4864FC6E5F9C}
		{FF86FFE1-430A-4989-83AF-97DD47048A57} = {5E6A1C6C-F5B6-45B2-AD50-8073F2267D1C}
	EndGlobalSection
	GlobalSection(ExtensibilityGlobals) = postSolution
		SolutionGuid = {83FBE658-8763-437D-9528-26B35498FE2E}
	EndGlobalSection
EndGlobal
